
Microsoft Visual Studio Solution File, Format Version 12.00
# Visual Studio 15
VisualStudioVersion = 15.0.28307.421
MinimumVisualStudioVersion = 10.0.40219.1
Project("{FAE04EC0-301F-11D3-BF4B-00C04F79EFBC}") = "MyApp.DAL", "MyApp.DAL\MyApp.DAL.csproj", "{79400F54-4D49-4416-A0BB-B5CBB6EEC4F9}"
EndProject
Project("{FAE04EC0-301F-11D3-BF4B-00C04F79EFBC}") = "MyApp.Api", "MyApp.Api\MyApp.Api.csproj", "{2BD0E140-3F60-4348-A29B-DFFC0EAA2EC9}"
EndProject
Project("{FAE04EC0-301F-11D3-BF4B-00C04F79EFBC}") = "MyApp.MVC", "MyApp.MVC\MyApp.MVC.csproj", "{CF6791F8-6F52-4AC2-81C6-81A8433AEB9D}"
EndProject
Global
	GlobalSection(SolutionConfigurationPlatforms) = preSolution
		Debug|Any CPU = Debug|Any CPU
		Release|Any CPU = Release|Any CPU
	EndGlobalSection
	GlobalSection(ProjectConfigurationPlatforms) = postSolution
		{79400F54-4D49-4416-A0BB-B5CBB6EEC4F9}.Debug|Any CPU.ActiveCfg = Debug|Any CPU
		{79400F54-4D49-4416-A0BB-B5CBB6EEC4F9}.Debug|Any CPU.Build.0 = Debug|Any CPU
		{79400F54-4D49-4416-A0BB-B5CBB6EEC4F9}.Release|Any CPU.ActiveCfg = Release|Any CPU
		{79400F54-4D49-4416-A0BB-B5CBB6EEC4F9}.Release|Any CPU.Build.0 = Release|Any CPU
		{2BD0E140-3F60-4348-A29B-DFFC0EAA2EC9}.Debug|Any CPU.ActiveCfg = Debug|Any CPU
		{2BD0E140-3F60-4348-A29B-DFFC0EAA2EC9}.Debug|Any CPU.Build.0 = Debug|Any CPU
		{2BD0E140-3F60-4348-A29B-DFFC0EAA2EC9}.Release|Any CPU.ActiveCfg = Release|Any CPU
		{2BD0E140-3F60-4348-A29B-DFFC0EAA2EC9}.Release|Any CPU.Build.0 = Release|Any CPU
		{CF6791F8-6F52-4AC2-81C6-81A8433AEB9D}.Debug|Any CPU.ActiveCfg = Debug|Any CPU
		{CF6791F8-6F52-4AC2-81C6-81A8433AEB9D}.Debug|Any CPU.Build.0 = Debug|Any CPU
		{CF6791F8-6F52-4AC2-81C6-81A8433AEB9D}.Release|Any CPU.ActiveCfg = Release|Any CPU
		{CF6791F8-6F52-4AC2-81C6-81A8433AEB9D}.Release|Any CPU.Build.0 = Release|Any CPU
	EndGlobalSection
	GlobalSection(SolutionProperties) = preSolution
		HideSolutionNode = FALSE
	EndGlobalSection
	GlobalSection(ExtensibilityGlobals) = postSolution
		SolutionGuid = {B1D4507C-CA72-4257-854B-BA51A6F5457C}
	EndGlobalSection
EndGlobal
